Microsoft Visual Studio Solution File, Format Version 12.00
Project("{FAE04EC0-301F-11D3-BF4B-00C04F79EFBC}") = "BrokenNodeDetector", "BrokenNodeDetector\BrokenNodeDetector.csproj", "{57EAA083-1E16-4E73-AEC0-4001154EE3AB}"
EndProject
Global
	GlobalSection(SolutionConfigurationPlatforms) = preSolution
		Debug|Any CPU = Debug|Any CPU
		Release|Any CPU = Release|Any CPU
	EndGlobalSection
	GlobalSection(ProjectConfigurationPlatforms) = postSolution
		{57EAA083-1E16-4E73-AEC0-4001154EE3AB}.Debug|Any CPU.ActiveCfg = Debug|Any CPU
		{57EAA083-1E16-4E73-AEC0-4001154EE3AB}.Debug|Any CPU.Build.0 = Debug|Any CPU
		{57EAA083-1E16-4E73-AEC0-4001154EE3AB}.Release|Any CPU.ActiveCfg = Release|Any CPU
		{57EAA083-1E16-4E73-AEC0-4001154EE3AB}.Release|Any CPU.Build.0 = Release|Any CPU
	EndGlobalSection
EndGlobal
